
Microsoft Visual Studio Solution File, Format Version 12.00
# Visual Studio 15
VisualStudioVersion = 15.0.26124.0
MinimumVisualStudioVersion = 15.0.26124.0
Project("{FAE04EC0-301F-11D3-BF4B-00C04F79EFBC}") = "Exercise1.Api", "Exercise1.Api\Exercise1.Api.csproj", "{4A50F631-8089-4556-8813-2535F6C14F99}"
EndProject
Project("{FAE04EC0-301F-11D3-BF4B-00C04F79EFBC}") = "Exercise1.Common", "Exercise1.Common\Exercise1.Common.csproj", "{074DDDB3-0CF6-4486-B24A-3F24685EFA46}"
EndProject
Project("{FAE04EC0-301F-11D3-BF4B-00C04F79EFBC}") = "Exercise1.Data", "Exercise1.Data\Exercise1.Data.csproj", "{3E9A7588-2F09-46F1-AAEB-76F5B17D40DF}"
EndProject
Project("{FAE04EC0-301F-11D3-BF4B-00C04F79EFBC}") = "Exercise1.DataAccess", "Exercise1.DataAccess\Exercise1.DataAccess.csproj", "{1FDDAFFB-256F-49E9-A8E4-A5CE9DC3E963}"
EndProject
Global
	GlobalSection(SolutionConfigurationPlatforms) = preSolution
		Debug|Any CPU = Debug|Any CPU
		Debug|x64 = Debug|x64
		Debug|x86 = Debug|x86
		Release|Any CPU = Release|Any CPU
		Release|x64 = Release|x64
		Release|x86 = Release|x86
	EndGlobalSection
	GlobalSection(SolutionProperties) = preSolution
		HideSolutionNode = FALSE
	EndGlobalSection
	GlobalSection(ProjectConfigurationPlatforms) = postSolution
		{F4C9897C-015A-418C-9430-2516A10ADDA3}.Debug|Any CPU.ActiveCfg = Debug|Any CPU
		{F4C9897C-015A-418C-9430-2516A10ADDA3}.Debug|Any CPU.Build.0 = Debug|Any CPU
		{F4C9897C-015A-418C-9430-2516A10ADDA3}.Debug|x64.ActiveCfg = Debug|Any CPU
		{F4C9897C-015A-418C-9430-2516A10ADDA3}.Debug|x64.Build.0 = Debug|Any CPU
		{F4C9897C-015A-418C-9430-2516A10ADDA3}.Debug|x86.ActiveCfg = Debug|Any CPU
		{F4C9897C-015A-418C-9430-2516A10ADDA3}.Debug|x86.Build.0 = Debug|Any CPU
		{F4C9897C-015A-418C-9430-2516A10ADDA3}.Release|Any CPU.ActiveCfg = Release|Any CPU
		{F4C9897C-015A-418C-9430-2516A10ADDA3}.Release|Any CPU.Build.0 = Release|Any CPU
		{F4C9897C-015A-418C-9430-2516A10ADDA3}.Release|x64.ActiveCfg = Release|Any CPU
		{F4C9897C-015A-418C-9430-2516A10ADDA3}.Release|x64.Build.0 = Release|Any CPU
		{F4C9897C-015A-418C-9430-2516A10ADDA3}.Release|x86.ActiveCfg = Release|Any CPU
		{F4C9897C-015A-418C-9430-2516A10ADDA3}.Release|x86.Build.0 = Release|Any CPU
		{E2C30124-C9E1-4B82-BD2F-2F43A76E8CAD}.Debug|Any CPU.ActiveCfg = Debug|Any CPU
		{E2C30124-C9E1-4B82-BD2F-2F43A76E8CAD}.Debug|Any CPU.Build.0 = Debug|Any CPU
		{E2C30124-C9E1-4B82-BD2F-2F43A76E8CAD}.Debug|x64.ActiveCfg = Debug|Any CPU
		{E2C30124-C9E1-4B82-BD2F-2F43A76E8CAD}.Debug|x64.Build.0 = Debug|Any CPU
		{E2C30124-C9E1-4B82-BD2F-2F43A76E8CAD}.Debug|x86.ActiveCfg = Debug|Any CPU
		{E2C30124-C9E1-4B82-BD2F-2F43A76E8CAD}.Debug|x86.Build.0 = Debug|Any CPU
		{E2C30124-C9E1-4B82-BD2F-2F43A76E8CAD}.Release|Any CPU.ActiveCfg = Release|Any CPU
		{E2C30124-C9E1-4B82-BD2F-2F43A76E8CAD}.Release|Any CPU.Build.0 = Release|Any CPU
		{E2C30124-C9E1-4B82-BD2F-2F43A76E8CAD}.Release|x64.ActiveCfg = Release|Any CPU
		{E2C30124-C9E1-4B82-BD2F-2F43A76E8CAD}.Release|x64.Build.0 = Release|Any CPU
		{E2C30124-C9E1-4B82-BD2F-2F43A76E8CAD}.Release|x86.ActiveCfg = Release|Any CPU
		{E2C30124-C9E1-4B82-BD2F-2F43A76E8CAD}.Release|x86.Build.0 = Release|Any CPU
		{517C419C-D80E-4418-9B32-7253BA24CBD0}.Debug|Any CPU.ActiveCfg = Debug|Any CPU
		{517C419C-D80E-4418-9B32-7253BA24CBD0}.Debug|Any CPU.Build.0 = Debug|Any CPU
		{517C419C-D80E-4418-9B32-7253BA24CBD0}.Debug|x64.ActiveCfg = Debug|Any CPU
		{517C419C-D80E-4418-9B32-7253BA24CBD0}.Debug|x64.Build.0 = Debug|Any CPU
		{517C419C-D80E-4418-9B32-7253BA24CBD0}.Debug|x86.ActiveCfg = Debug|Any CPU
		{517C419C-D80E-4418-9B32-7253BA24CBD0}.Debug|x86.Build.0 = Debug|Any CPU
		{517C419C-D80E-4418-9B32-7253BA24CBD0}.Release|Any CPU.ActiveCfg = Release|Any CPU
		{517C419C-D80E-4418-9B32-7253BA24CBD0}.Release|Any CPU.Build.0 = Release|Any CPU
		{517C419C-D80E-4418-9B32-7253BA24CBD0}.Release|x64.ActiveCfg = Release|Any CPU
		{517C419C-D80E-4418-9B32-7253BA24CBD0}.Release|x64.Build.0 = Release|Any CPU
		{517C419C-D80E-4418-9B32-7253BA24CBD0}.Release|x86.ActiveCfg = Release|Any CPU
		{517C419C-D80E-4418-9B32-7253BA24CBD0}.Release|x86.Build.0 = Release|Any CPU
		{2DE83D7B-CA74-4E5E-8366-7B415C583BC5}.Debug|Any CPU.ActiveCfg = Debug|Any CPU
		{2DE83D7B-CA74-4E5E-8366-7B415C583BC5}.Debug|Any CPU.Build.0 = Debug|Any CPU
		{2DE83D7B-CA74-4E5E-8366-7B415C583BC5}.Debug|x64.ActiveCfg = Debug|Any CPU
		{2DE83D7B-CA74-4E5E-8366-7B415C583BC5}.Debug|x64.Build.0 = Debug|Any CPU
		{2DE83D7B-CA74-4E5E-8366-7B415C583BC5}.Debug|x86.ActiveCfg = Debug|Any CPU
		{2DE83D7B-CA74-4E5E-8366-7B415C583BC5}.Debug|x86.Build.0 = Debug|Any CPU
		{2DE83D7B-CA74-4E5E-8366-7B415C583BC5}.Release|Any CPU.ActiveCfg = Release|Any CPU
		{2DE83D7B-CA74-4E5E-8366-7B415C583BC5}.Release|Any CPU.Build.0 = Release|Any CPU
		{2DE83D7B-CA74-4E5E-8366-7B415C583BC5}.Release|x64.ActiveCfg = Release|Any CPU
		{2DE83D7B-CA74-4E5E-8366-7B415C583BC5}.Release|x64.Build.0 = Release|Any CPU
		{2DE83D7B-CA74-4E5E-8366-7B415C583BC5}.Release|x86.ActiveCfg = Release|Any CPU
		{2DE83D7B-CA74-4E5E-8366-7B415C583BC5}.Release|x86.Build.0 = Release|Any CPU
		{241AA087-BB12-4093-834D-EE7B793D20E9}.Debug|Any CPU.ActiveCfg = Debug|Any CPU
		{241AA087-BB12-4093-834D-EE7B793D20E9}.Debug|Any CPU.Build.0 = Debug|Any CPU
		{241AA087-BB12-4093-834D-EE7B793D20E9}.Debug|x64.ActiveCfg = Debug|Any CPU
		{241AA087-BB12-4093-834D-EE7B793D20E9}.Debug|x64.Build.0 = Debug|Any CPU
		{241AA087-BB12-4093-834D-EE7B793D20E9}.Debug|x86.ActiveCfg = Debug|Any CPU
		{241AA087-BB12-4093-834D-EE7B793D20E9}.Debug|x86.Build.0 = Debug|Any CPU
		{241AA087-BB12-4093-834D-EE7B793D20E9}.Release|Any CPU.ActiveCfg = Release|Any CPU
		{241AA087-BB12-4093-834D-EE7B793D20E9}.Release|Any CPU.Build.0 = Release|Any CPU
		{241AA087-BB12-4093-834D-EE7B793D20E9}.Release|x64.ActiveCfg = Release|Any CPU
		{241AA087-BB12-4093-834D-EE7B793D20E9}.Release|x64.Build.0 = Release|Any CPU
		{241AA087-BB12-4093-834D-EE7B793D20E9}.Release|x86.ActiveCfg = Release|Any CPU
		{241AA087-BB12-4093-834D-EE7B793D20E9}.Release|x86.Build.0 = Release|Any CPU
		{DFB41164-6C6F-483B-8E21-FA05E150E5AD}.Debug|Any CPU.ActiveCfg = Debug|Any CPU
		{DFB41164-6C6F-483B-8E21-FA05E150E5AD}.Debug|Any CPU.Build.0 = Debug|Any CPU
		{DFB41164-6C6F-483B-8E21-FA05E150E5AD}.Debug|x64.ActiveCfg = Debug|Any CPU
		{DFB41164-6C6F-483B-8E21-FA05E150E5AD}.Debug|x64.Build.0 = Debug|Any CPU
		{DFB41164-6C6F-483B-8E21-FA05E150E5AD}.Debug|x86.ActiveCfg = Debug|Any CPU
		{DFB41164-6C6F-483B-8E21-FA05E150E5AD}.Debug|x86.Build.0 = Debug|Any CPU
		{DFB41164-6C6F-483B-8E21-FA05E150E5AD}.Release|Any CPU.ActiveCfg = Release|Any CPU
		{DFB41164-6C6F-483B-8E21-FA05E150E5AD}.Release|Any CPU.Build.0 = Release|Any CPU
		{DFB41164-6C6F-483B-8E21-FA05E150E5AD}.Release|x64.ActiveCfg = Release|Any CPU
		{DFB41164-6C6F-483B-8E21-FA05E150E5AD}.Release|x64.Build.0 = Release|Any CPU
		{DFB41164-6C6F-483B-8E21-FA05E150E5AD}.Release|x86.ActiveCfg = Release|Any CPU
		{DFB41164-6C6F-483B-8E21-FA05E150E5AD}.Release|x86.Build.0 = Release|Any CPU
		{22EB9950-8833-4D98-8A65-5A009C4716A9}.Debug|Any CPU.ActiveCfg = Debug|Any CPU
		{22EB9950-8833-4D98-8A65-5A009C4716A9}.Debug|Any CPU.Build.0 = Debug|Any CPU
		{22EB9950-8833-4D98-8A65-5A009C4716A9}.Debug|x64.ActiveCfg = Debug|Any CPU
		{22EB9950-8833-4D98-8A65-5A009C4716A9}.Debug|x64.Build.0 = Debug|Any CPU
		{22EB9950-8833-4D98-8A65-5A009C4716A9}.Debug|x86.ActiveCfg = Debug|Any CPU
		{22EB9950-8833-4D98-8A65-5A009C4716A9}.Debug|x86.Build.0 = Debug|Any CPU
		{22EB9950-8833-4D98-8A65-5A009C4716A9}.Release|Any CPU.ActiveCfg = Release|Any CPU
		{22EB9950-8833-4D98-8A65-5A009C4716A9}.Release|Any CPU.Build.0 = Release|Any CPU
		{22EB9950-8833-4D98-8A65-5A009C4716A9}.Release|x64.ActiveCfg = Release|Any CPU
		{22EB9950-8833-4D98-8A65-5A009C4716A9}.Release|x64.Build.0 = Release|Any CPU
		{22EB9950-8833-4D98-8A65-5A009C4716A9}.Release|x86.ActiveCfg = Release|Any CPU
		{22EB9950-8833-4D98-8A65-5A009C4716A9}.Release|x86.Build.0 = Release|Any CPU
		{DDA08453-A111-495B-8609-EC2E653AD379}.Debug|Any CPU.ActiveCfg = Debug|Any CPU
		{DDA08453-A111-495B-8609-EC2E653AD379}.Debug|Any CPU.Build.0 = Debug|Any CPU
		{DDA08453-A111-495B-8609-EC2E653AD379}.Debug|x64.ActiveCfg = Debug|Any CPU
		{DDA08453-A111-495B-8609-EC2E653AD379}.Debug|x64.Build.0 = Debug|Any CPU
		{DDA08453-A111-495B-8609-EC2E653AD379}.Debug|x86.ActiveCfg = Debug|Any CPU
		{DDA08453-A111-495B-8609-EC2E653AD379}.Debug|x86.Build.0 = Debug|Any CPU
		{DDA08453-A111-495B-8609-EC2E653AD379}.Release|Any CPU.ActiveCfg = Release|Any CPU
		{DDA08453-A111-495B-8609-EC2E653AD379}.Release|Any CPU.Build.0 = Release|Any CPU
		{DDA08453-A111-495B-8609-EC2E653AD379}.Release|x64.ActiveCfg = Release|Any CPU
		{DDA08453-A111-495B-8609-EC2E653AD379}.Release|x64.Build.0 = Release|Any CPU
		{DDA08453-A111-495B-8609-EC2E653AD379}.Release|x86.ActiveCfg = Release|Any CPU
		{DDA08453-A111-495B-8609-EC2E653AD379}.Release|x86.Build.0 = Release|Any CPU
		{4A50F631-8089-4556-8813-2535F6C14F99}.Debug|Any CPU.ActiveCfg = Debug|Any CPU
		{4A50F631-8089-4556-8813-2535F6C14F99}.Debug|Any CPU.Build.0 = Debug|Any CPU
		{4A50F631-8089-4556-8813-2535F6C14F99}.Debug|x64.ActiveCfg = Debug|Any CPU
		{4A50F631-8089-4556-8813-2535F6C14F99}.Debug|x64.Build.0 = Debug|Any CPU
		{4A50F631-8089-4556-8813-2535F6C14F99}.Debug|x86.ActiveCfg = Debug|Any CPU
		{4A50F631-8089-4556-8813-2535F6C14F99}.Debug|x86.Build.0 = Debug|Any CPU
		{4A50F631-8089-4556-8813-2535F6C14F99}.Release|Any CPU.ActiveCfg = Release|Any CPU
		{4A50F631-8089-4556-8813-2535F6C14F99}.Release|Any CPU.Build.0 = Release|Any CPU
		{4A50F631-8089-4556-8813-2535F6C14F99}.Release|x64.ActiveCfg = Release|Any CPU
		{4A50F631-8089-4556-8813-2535F6C14F99}.Release|x64.Build.0 = Release|Any CPU
		{4A50F631-8089-4556-8813-2535F6C14F99}.Release|x86.ActiveCfg = Release|Any CPU
		{4A50F631-8089-4556-8813-2535F6C14F99}.Release|x86.Build.0 = Release|Any CPU
		{074DDDB3-0CF6-4486-B24A-3F24685EFA46}.Debug|Any CPU.ActiveCfg = Debug|Any CPU
		{074DDDB3-0CF6-4486-B24A-3F24685EFA46}.Debug|Any CPU.Build.0 = Debug|Any CPU
		{074DDDB3-0CF6-4486-B24A-3F24685EFA46}.Debug|x64.ActiveCfg = Debug|Any CPU
		{074DDDB3-0CF6-4486-B24A-3F24685EFA46}.Debug|x64.Build.0 = Debug|Any CPU
		{074DDDB3-0CF6-4486-B24A-3F24685EFA46}.Debug|x86.ActiveCfg = Debug|Any CPU
		{074DDDB3-0CF6-4486-B24A-3F24685EFA46}.Debug|x86.Build.0 = Debug|Any CPU
		{074DDDB3-0CF6-4486-B24A-3F24685EFA46}.Release|Any CPU.ActiveCfg = Release|Any CPU
		{074DDDB3-0CF6-4486-B24A-3F24685EFA46}.Release|Any CPU.Build.0 = Release|Any CPU
		{074DDDB3-0CF6-4486-B24A-3F24685EFA46}.Release|x64.ActiveCfg = Release|Any CPU
		{074DDDB3-0CF6-4486-B24A-3F24685EFA46}.Release|x64.Build.0 = Release|Any CPU
		{074DDDB3-0CF6-4486-B24A-3F24685EFA46}.Release|x86.ActiveCfg = Release|Any CPU
		{074DDDB3-0CF6-4486-B24A-3F24685EFA46}.Release|x86.Build.0 = Release|Any CPU
		{3E9A7588-2F09-46F1-AAEB-76F5B17D40DF}.Debug|Any CPU.ActiveCfg = Debug|Any CPU
		{3E9A7588-2F09-46F1-AAEB-76F5B17D40DF}.Debug|Any CPU.Build.0 = Debug|Any CPU
		{3E9A7588-2F09-46F1-AAEB-76F5B17D40DF}.Debug|x64.ActiveCfg = Debug|Any CPU
		{3E9A7588-2F09-46F1-AAEB-76F5B17D40DF}.Debug|x64.Build.0 = Debug|Any CPU
		{3E9A7588-2F09-46F1-AAEB-76F5B17D40DF}.Debug|x86.ActiveCfg = Debug|Any CPU
		{3E9A7588-2F09-46F1-AAEB-76F5B17D40DF}.Debug|x86.Build.0 = Debug|Any CPU
		{3E9A7588-2F09-46F1-AAEB-76F5B17D40DF}.Release|Any CPU.ActiveCfg = Release|Any CPU
		{3E9A7588-2F09-46F1-AAEB-76F5B17D40DF}.Release|Any CPU.Build.0 = Release|Any CPU
		{3E9A7588-2F09-46F1-AAEB-76F5B17D40DF}.Release|x64.ActiveCfg = Release|Any CPU
		{3E9A7588-2F09-46F1-AAEB-76F5B17D40DF}.Release|x64.Build.0 = Release|Any CPU
		{3E9A7588-2F09-46F1-AAEB-76F5B17D40DF}.Release|x86.ActiveCfg = Release|Any CPU
		{3E9A7588-2F09-46F1-AAEB-76F5B17D40DF}.Release|x86.Build.0 = Release|Any CPU
		{1FDDAFFB-256F-49E9-A8E4-A5CE9DC3E963}.Debug|Any CPU.ActiveCfg = Debug|Any CPU
		{1FDDAFFB-256F-49E9-A8E4-A5CE9DC3E963}.Debug|Any CPU.Build.0 = Debug|Any CPU
		{1FDDAFFB-256F-49E9-A8E4-A5CE9DC3E963}.Debug|x64.ActiveCfg = Debug|Any CPU
		{1FDDAFFB-256F-49E9-A8E4-A5CE9DC3E963}.Debug|x64.Build.0 = Debug|Any CPU
		{1FDDAFFB-256F-49E9-A8E4-A5CE9DC3E963}.Debug|x86.ActiveCfg = Debug|Any CPU
		{1FDDAFFB-256F-49E9-A8E4-A5CE9DC3E963}.Debug|x86.Build.0 = Debug|Any CPU
		{1FDDAFFB-256F-49E9-A8E4-A5CE9DC3E963}.Release|Any CPU.ActiveCfg = Release|Any CPU
		{1FDDAFFB-256F-49E9-A8E4-A5CE9DC3E963}.Release|Any CPU.Build.0 = Release|Any CPU
		{1FDDAFFB-256F-49E9-A8E4-A5CE9DC3E963}.Release|x64.ActiveCfg = Release|Any CPU
		{1FDDAFFB-256F-49E9-A8E4-A5CE9DC3E963}.Release|x64.Build.0 = Release|Any CPU
		{1FDDAFFB-256F-49E9-A8E4-A5CE9DC3E963}.Release|x86.ActiveCfg = Release|Any CPU
		{1FDDAFFB-256F-49E9-A8E4-A5CE9DC3E963}.Release|x86.Build.0 = Release|Any CPU
	EndGlobalSection
EndGlobal
